
Microsoft Visual Studio Solution File, Format Version 12.00
# Visual Studio Version 16
VisualStudioVersion = 16.0.31515.178
MinimumVisualStudioVersion = 10.0.40219.1
Project("{9A19103F-16F7-4668-BE54-9A1E7A4F7556}") = "WPFapplication", "WPFapplication\WPFapplication.csproj", "{45D11ABC-7398-4464-9E7B-720B08D31BAA}"
EndProject
Project("{9A19103F-16F7-4668-BE54-9A1E7A4F7556}") = "Core", "Core\Core.csproj", "{2CB59078-5809-4A59-BBDD-9C1EEEF366BA}"
EndProject
Global
	GlobalSection(SolutionConfigurationPlatforms) = preSolution
		Debug|Any CPU = Debug|Any CPU
		Release|Any CPU = Release|Any CPU
	EndGlobalSection
	GlobalSection(ProjectConfigurationPlatforms) = postSolution
		{45D11ABC-7398-4464-9E7B-720B08D31BAA}.Debug|Any CPU.ActiveCfg = Debug|Any CPU
		{45D11ABC-7398-4464-9E7B-720B08D31BAA}.Debug|Any CPU.Build.0 = Debug|Any CPU
		{45D11ABC-7398-4464-9E7B-720B08D31BAA}.Release|Any CPU.ActiveCfg = Release|Any CPU
		{45D11ABC-7398-4464-9E7B-720B08D31BAA}.Release|Any CPU.Build.0 = Release|Any CPU
		{2CB59078-5809-4A59-BBDD-9C1EEEF366BA}.Debug|Any CPU.ActiveCfg = Debug|Any CPU
		{2CB59078-5809-4A59-BBDD-9C1EEEF366BA}.Debug|Any CPU.Build.0 = Debug|Any CPU
		{2CB59078-5809-4A59-BBDD-9C1EEEF366BA}.Release|Any CPU.ActiveCfg = Release|Any CPU
		{2CB59078-5809-4A59-BBDD-9C1EEEF366BA}.Release|Any CPU.Build.0 = Release|Any CPU
	EndGlobalSection
	GlobalSection(SolutionProperties) = preSolution
		HideSolutionNode = FALSE
	EndGlobalSection
	GlobalSection(ExtensibilityGlobals) = postSolution
		SolutionGuid = {D1E49089-BA69-481E-9A4A-225F4B1A8798}
	EndGlobalSection
EndGlobal
